{
  "name": "@digitalsubstrate/dsviper-tools",
  "version": "0.1.0",
  "lockfileVersion": 3,
  "requires": true,
  "packages": {
    "": {
      "name": "@digitalsubstrate/dsviper-tools",
      "version": "0.1.0",
      "license": "MIT",
      "bin": {
        "dsviper-commit-admin": "bin/commit_admin.mjs",
        "dsviper-database-export": "bin/database_export.mjs",
        "dsviper-database-import": "bin/database_import.mjs",
        "dsviper-dsm-util": "bin/dsm_util.mjs",
        "dsviper-service-client": "bin/service_client.mjs"
      },
      "engines": {
        "node": ">=22"
      },
      "peerDependencies": {
        "@digitalsubstrate/dsviper": ">=1.2.3"
      }
    }
  }
}
